
Microsoft Visual Studio Solution File, Format Version 12.00
# Visual Studio 14
VisualStudioVersion = 14.0.25420.1
MinimumVisualStudioVersion = 10.0.40219.1
Project("{FAE04EC0-301F-11D3-BF4B-00C04F79EFBC}") = "Tennis", "Tennis\Tennis.csproj", "{CD86CC76-86EA-470A-A6B9-C46625685860}"
EndProject
Project("{FAE04EC0-301F-11D3-BF4B-00C04F79EFBC}") = "TennisTest", "TennisTest\TennisTest.csproj", "{B8C92D89-86A4-4A53-A2A1-0B575137D9EB}"
EndProject
Global
	GlobalSection(SolutionConfigurationPlatforms) = preSolution
		Debug|Any CPU = Debug|Any CPU
		Release|Any CPU = Release|Any CPU
	EndGlobalSection
	GlobalSection(ProjectConfigurationPlatforms) = postSolution
		{CD86CC76-86EA-470A-A6B9-C46625685860}.Debug|Any CPU.ActiveCfg = Debug|Any CPU
		{CD86CC76-86EA-470A-A6B9-C46625685860}.Debug|Any CPU.Build.0 = Debug|Any CPU
		{CD86CC76-86EA-470A-A6B9-C46625685860}.Release|Any CPU.ActiveCfg = Release|Any CPU
		{CD86CC76-86EA-470A-A6B9-C46625685860}.Release|Any CPU.Build.0 = Release|Any CPU
		{B8C92D89-86A4-4A53-A2A1-0B575137D9EB}.Debug|Any CPU.ActiveCfg = Debug|Any CPU
		{B8C92D89-86A4-4A53-A2A1-0B575137D9EB}.Debug|Any CPU.Build.0 = Debug|Any CPU
		{B8C92D89-86A4-4A53-A2A1-0B575137D9EB}.Release|Any CPU.ActiveCfg = Release|Any CPU
		{B8C92D89-86A4-4A53-A2A1-0B575137D9EB}.Release|Any CPU.Build.0 = Release|Any CPU
	EndGlobalSection
	GlobalSection(SolutionProperties) = preSolution
		HideSolutionNode = FALSE
	EndGlobalSection
EndGlobal
